dependencies:
- name: finops-agent
  repository: https://kubecost.github.io/finops-agent-chart
  version: 1.0.26
- name: mcp-kubecost
  repository: https://kubecost.github.io/mcp-kubecost
  version: 0.16.0
digest: sha256:3b6e4a9bee4b6299f7648e0d746af92efc6177e55febdbfbf0dc62db80242d3b
generated: "2026-09-15T15:14:44.637260586Z"
