dependencies:
- name: finops-agent
  repository: https://kubecost.github.io/finops-agent-chart
  version: 1.0.25
- name: mcp-kubecost
  repository: https://kubecost.github.io/mcp-kubecost
  version: 0.6.2
digest: sha256:901ac93d9280930e218d97d36982248a546d1d4d5d5bcf37ee2356da8aceb920
generated: "2026-08-19T20:13:30.510304-04:00"
