dependencies:
- name: finops-agent
  repository: https://kubecost.github.io/finops-agent-chart
  version: 1.0.25
- name: mcp-kubecost
  repository: https://kubecost.github.io/mcp-kubecost
  version: 0.7.0
digest: sha256:82acc3c530c558525991ce331801204cf504ce542d0f5a57ba130e31bd24e214
generated: "2026-08-24T16:05:14.749925-04:00"
